{
  "name": "mcba_contract",
  "version": "1.0.0",
  "lockfileVersion": 2,
  "requires": true,
  "packages": {
    "": {
      "name": "mcba_contract",
      "version": "1.0.0",
      "license": "ISC",
      "dependencies": {
        "@openzeppelin/contracts": "^4.7.3"
      },
      "devDependencies": {
        "erc721a": "^4.2.2"
      }
    },
    "node_modules/@openzeppelin/contracts": {
      "version": "4.7.3",
      "resolved": "https://registry.npmjs.org/@openzeppelin/contracts/-/contracts-4.7.3.tgz",
      "integrity": "sha512-dGRS0agJzu8ybo44pCIf3xBaPQN/65AIXNgK8+4gzKd5kbvlqyxryUYVLJv7fK98Seyd2hDZzVEHSWAh0Bt1Yw=="
    },
    "node_modules/erc721a": {
      "version": "4.2.2",
      "resolved": "https://registry.npmjs.org/erc721a/-/erc721a-4.2.2.tgz",
      "integrity": "sha512-u5kDOqn47qFCTjXtU8VUrNqToo6aZaiUxy4e9Rtmjq3sR1k+NEZf8Kh+H5VT65rDSglRn1nn4MrY7QVa1n3Eig==",
      "dev": true
    }
  },
  "dependencies": {
    "@openzeppelin/contracts": {
      "version": "4.7.3",
      "resolved": "https://registry.npmjs.org/@openzeppelin/contracts/-/contracts-4.7.3.tgz",
      "integrity": "sha512-dGRS0agJzu8ybo44pCIf3xBaPQN/65AIXNgK8+4gzKd5kbvlqyxryUYVLJv7fK98Seyd2hDZzVEHSWAh0Bt1Yw=="
    },
    "erc721a": {
      "version": "4.2.2",
      "resolved": "https://registry.npmjs.org/erc721a/-/erc721a-4.2.2.tgz",
      "integrity": "sha512-u5kDOqn47qFCTjXtU8VUrNqToo6aZaiUxy4e9Rtmjq3sR1k+NEZf8Kh+H5VT65rDSglRn1nn4MrY7QVa1n3Eig==",
      "dev": true
    }
  }
}
